{
  "name": "regex-buddy",
  "version": "0.1.0",
  "lockfileVersion": 2,
  "requires": true,
  "packages": {
    "": {
      "name": "regex-buddy",
      "version": "0.1.0",
      "license": "MIT",
      "dependencies": {
        "@stdlib/regexp-regexp": "^0.0.8"
      },
      "devDependencies": {
        "@tsconfig/node16": "^1.0.3",
        "typescript": "^4.9.5"
      },
      "engines": {
        "node": ">=16.0.0",
        "npm": ">=8.0.0"
      }
    },
    "node_modules/@stdlib/regexp-regexp": {
      "version": "0.0.8",
      "resolved": "https://registry.npmjs.org/@stdlib/regexp-regexp/-/regexp-regexp-0.0.8.tgz",
      "integrity": "sha512-S5PZICPd/XRcn1dncVojxIDzJsHtEleuJHHD7ji3o981uPHR7zI2Iy9a1eV2u7+ABeUswbI1Yuix6fXJfcwV1w==",
      "os": [
        "aix",
        "darwin",
        "freebsd",
        "linux",
        "macos",
        "openbsd",
        "sunos",
        "win32",
        "windows"
      ],
      "dependencies": {
        "@stdlib/utils-define-nonenumerable-read-only-property": "^0.0.x"
      },
      "engines": {
        "node": ">=0.10.0",
        "npm": ">2.7.0"
      },
      "funding": {
        "type": "patreon",
        "url": "https://www.patreon.com/athan"
      }
    },
    "node_modules/@stdlib/types": {
      "version": "0.0.14",
      "resolved": "https://registry.npmjs.org/@stdlib/types/-/types-0.0.14.tgz",
      "integrity": "sha512-AP3EI9/il/xkwUazcoY+SbjtxHRrheXgSbWZdEGD+rWpEgj6n2i63hp6hTOpAB5NipE0tJwinQlDGOuQ1lCaCw==",
      "os": [
        "aix",
        "darwin",
        "freebsd",
        "linux",
        "macos",
        "openbsd",
        "sunos",
        "win32",
        "windows"
      ],
      "engines": {
        "node": ">=0.10.0",
        "npm": ">2.7.0"
      },
      "funding": {
        "type": "patreon",
        "url": "https://www.patreon.com/athan"
      }
    },
    "node_modules/@stdlib/utils-define-nonenumerable-read-only-property": {
      "version": "0.0.7",
      "resolved": "https://registry.npmjs.org/@stdlib/utils-define-nonenumerable-read-only-property/-/utils-define-nonenumerable-read-only-property-0.0.7.tgz",
      "integrity": "sha512-c7dnHDYuS4Xn3XBRWIQBPcROTtP/4lkcFyq0FrQzjXUjimfMgHF7cuFIIob6qUTnU8SOzY9p0ydRR2QJreWE6g==",
      "os": [
        "aix",
        "darwin",
        "freebsd",
        "linux",
        "macos",
        "openbsd",
        "sunos",
        "win32",
        "windows"
      ],
      "dependencies": {
        "@stdlib/types": "^0.0.x",
        "@stdlib/utils-define-property": "^0.0.x"
      },
      "engines": {
        "node": ">=0.10.0",
        "npm": ">2.7.0"
      },
      "funding": {
        "type": "patreon",
        "url": "https://www.patreon.com/athan"
      }
    },
    "node_modules/@stdlib/utils-define-property": {
      "version": "0.0.9",
      "resolved": "https://registry.npmjs.org/@stdlib/utils-define-property/-/utils-define-property-0.0.9.tgz",
      "integrity": "sha512-pIzVvHJvVfU/Lt45WwUAcodlvSPDDSD4pIPc9WmIYi4vnEBA9U7yHtiNz2aTvfGmBMTaLYTVVFIXwkFp+QotMA==",
      "os": [
        "aix",
        "darwin",
        "freebsd",
        "linux",
        "macos",
        "openbsd",
        "sunos",
        "win32",
        "windows"
      ],
      "dependencies": {
        "@stdlib/types": "^0.0.x"
      },
      "engines": {
        "node": ">=0.10.0",
        "npm": ">2.7.0"
      },
      "funding": {
        "type": "patreon",
        "url": "https://www.patreon.com/athan"
      }
    },
    "node_modules/@tsconfig/node16": {
      "version": "1.0.3",
      "resolved": "https://registry.npmjs.org/@tsconfig/node16/-/node16-1.0.3.tgz",
      "integrity": "sha512-yOlFc+7UtL/89t2ZhjPvvB/DeAr3r+Dq58IgzsFkOAvVC6NMJXmCGjbptdXdR9qsX7pKcTL+s87FtYREi2dEEQ==",
      "dev": true
    },
    "node_modules/typescript": {
      "version": "4.9.5",
      "resolved": "https://registry.npmjs.org/typescript/-/typescript-4.9.5.tgz",
      "integrity": "sha512-1FXk9E2Hm+QzZQ7z+McJiHL4NW1F2EzMu9Nq9i3zAaGqibafqYwCVU6WyWAuyQRRzOlxou8xZSyXLEN8oKj24g==",
      "dev": true,
      "bin": {
        "tsc": "bin/tsc",
        "tsserver": "bin/tsserver"
      },
      "engines": {
        "node": ">=4.2.0"
      }
    }
  },
  "dependencies": {
    "@stdlib/regexp-regexp": {
      "version": "0.0.8",
      "resolved": "https://registry.npmjs.org/@stdlib/regexp-regexp/-/regexp-regexp-0.0.8.tgz",
      "integrity": "sha512-S5PZICPd/XRcn1dncVojxIDzJsHtEleuJHHD7ji3o981uPHR7zI2Iy9a1eV2u7+ABeUswbI1Yuix6fXJfcwV1w==",
      "requires": {
        "@stdlib/utils-define-nonenumerable-read-only-property": "^0.0.x"
      }
    },
    "@stdlib/types": {
      "version": "0.0.14",
      "resolved": "https://registry.npmjs.org/@stdlib/types/-/types-0.0.14.tgz",
      "integrity": "sha512-AP3EI9/il/xkwUazcoY+SbjtxHRrheXgSbWZdEGD+rWpEgj6n2i63hp6hTOpAB5NipE0tJwinQlDGOuQ1lCaCw=="
    },
    "@stdlib/utils-define-nonenumerable-read-only-property": {
      "version": "0.0.7",
      "resolved": "https://registry.npmjs.org/@stdlib/utils-define-nonenumerable-read-only-property/-/utils-define-nonenumerable-read-only-property-0.0.7.tgz",
      "integrity": "sha512-c7dnHDYuS4Xn3XBRWIQBPcROTtP/4lkcFyq0FrQzjXUjimfMgHF7cuFIIob6qUTnU8SOzY9p0ydRR2QJreWE6g==",
      "requires": {
        "@stdlib/types": "^0.0.x",
        "@stdlib/utils-define-property": "^0.0.x"
      }
    },
    "@stdlib/utils-define-property": {
      "version": "0.0.9",
      "resolved": "https://registry.npmjs.org/@stdlib/utils-define-property/-/utils-define-property-0.0.9.tgz",
      "integrity": "sha512-pIzVvHJvVfU/Lt45WwUAcodlvSPDDSD4pIPc9WmIYi4vnEBA9U7yHtiNz2aTvfGmBMTaLYTVVFIXwkFp+QotMA==",
      "requires": {
        "@stdlib/types": "^0.0.x"
      }
    },
    "@tsconfig/node16": {
      "version": "1.0.3",
      "resolved": "https://registry.npmjs.org/@tsconfig/node16/-/node16-1.0.3.tgz",
      "integrity": "sha512-yOlFc+7UtL/89t2ZhjPvvB/DeAr3r+Dq58IgzsFkOAvVC6NMJXmCGjbptdXdR9qsX7pKcTL+s87FtYREi2dEEQ==",
      "dev": true
    },
    "typescript": {
      "version": "4.9.5",
      "resolved": "https://registry.npmjs.org/typescript/-/typescript-4.9.5.tgz",
      "integrity": "sha512-1FXk9E2Hm+QzZQ7z+McJiHL4NW1F2EzMu9Nq9i3zAaGqibafqYwCVU6WyWAuyQRRzOlxou8xZSyXLEN8oKj24g==",
      "dev": true
    }
  }
}
